{
  "nodes": {
    "nix-utils": {
      "inputs": {
        "nixpkgs": [
          "nixpkgs"
        ]
      },
      "locked": {
        "lastModified": 1782221108,
        "narHash": "sha256-xD3bRbIbLKg2qf7JbVwVpy6s0y8oBNlCBivsbjfui6Q=",
        "owner": "Team-MaRo",
        "repo": "nix-utils",
        "rev": "1a2344bb602513a9b76833006aae3ee2733fa414",
        "type": "github"
      },
      "original": {
        "owner": "Team-MaRo",
        "repo": "nix-utils",
        "type": "github"
      }
    },
    "nixpkgs": {
      "locked": {
        "lastModified": 1782535326,
        "narHash": "sha256-ZeRxu4yn6shd3SNF5ZUQb4r7BaVo1zBKMjRhfoNSBmw=",
        "owner": "NixOS",
        "repo": "nixpkgs",
        "rev": "714a5f8c4ead6b31148d829288440ed033ccc041",
        "type": "github"
      },
      "original": {
        "owner": "NixOS",
        "ref": "nixos-26.05",
        "repo": "nixpkgs",
        "type": "github"
      }
    },
    "root": {
      "inputs": {
        "nix-utils": "nix-utils",
        "nixpkgs": "nixpkgs"
      }
    }
  },
  "root": "root",
  "version": 7
}
