{
  "nodes": {
    "nix-utils": {
      "inputs": {
        "nixpkgs": [
          "nixpkgs"
        ]
      },
      "locked": {
        "lastModified": 1780579946,
        "narHash": "sha256-fq56+am2ZFYCcxwgoxLPV0orkiQEx+W7RsITuc9hnjA=",
        "owner": "d3strukt0r",
        "repo": "nix-utils",
        "rev": "ab61a317a503b91ac34e5216654bc9fb33e3f400",
        "type": "github"
      },
      "original": {
        "owner": "d3strukt0r",
        "repo": "nix-utils",
        "type": "github"
      }
    },
    "nixpkgs": {
      "locked": {
        "lastModified": 1780734595,
        "narHash": "sha256-DmTfP92QFYRLOGXlMIE54MAgxSJjDWocl3gRNOu72Os=",
        "owner": "NixOS",
        "repo": "nixpkgs",
        "rev": "9b696460ac78b5ccfc17c854d8c976f20456e943",
        "type": "github"
      },
      "original": {
        "owner": "NixOS",
        "ref": "nixos-26.05",
        "repo": "nixpkgs",
        "type": "github"
      }
    },
    "root": {
      "inputs": {
        "nix-utils": "nix-utils",
        "nixpkgs": "nixpkgs"
      }
    }
  },
  "root": "root",
  "version": 7
}
